
Microsoft Visual Studio Solution File, Format Version 12.00
# Visual Studio Version 17
VisualStudioVersion = 17.11.35327.3
MinimumVisualStudioVersion = 10.0.40219.1
Project("{FAE04EC0-301F-11D3-BF4B-00C04F79EFBC}") = "Ex013", "Ex013.csproj", "{9862B06F-BA19-4969-90DD-07B0EBBE79D4}"
EndProject
Global
	GlobalSection(SolutionConfigurationPlatforms) = preSolution
		Debug|Any CPU = Debug|Any CPU
		Release|Any CPU = Release|Any CPU
	EndGlobalSection
	GlobalSection(ProjectConfigurationPlatforms) = postSolution
		{9862B06F-BA19-4969-90DD-07B0EBBE79D4}.Debug|Any CPU.ActiveCfg = Debug|Any CPU
		{9862B06F-BA19-4969-90DD-07B0EBBE79D4}.Debug|Any CPU.Build.0 = Debug|Any CPU
		{9862B06F-BA19-4969-90DD-07B0EBBE79D4}.Release|Any CPU.ActiveCfg = Release|Any CPU
		{9862B06F-BA19-4969-90DD-07B0EBBE79D4}.Release|Any CPU.Build.0 = Release|Any CPU
	EndGlobalSection
	GlobalSection(SolutionProperties) = preSolution
		HideSolutionNode = FALSE
	EndGlobalSection
	GlobalSection(ExtensibilityGlobals) = postSolution
		SolutionGuid = {549749FB-2CF1-4C04-8330-DC8CCA8BC777}
	EndGlobalSection
EndGlobal
