
Microsoft Visual Studio Solution File, Format Version 12.00
# Visual Studio Version 17
VisualStudioVersion = 17.11.35327.3
MinimumVisualStudioVersion = 10.0.40219.1
Project("{FAE04EC0-301F-11D3-BF4B-00C04F79EFBC}") = "Ex011", "Ex011.csproj", "{2B03036D-B53A-4D06-848D-11028434A830}"
EndProject
Global
	GlobalSection(SolutionConfigurationPlatforms) = preSolution
		Debug|Any CPU = Debug|Any CPU
		Release|Any CPU = Release|Any CPU
	EndGlobalSection
	GlobalSection(ProjectConfigurationPlatforms) = postSolution
		{2B03036D-B53A-4D06-848D-11028434A830}.Debug|Any CPU.ActiveCfg = Debug|Any CPU
		{2B03036D-B53A-4D06-848D-11028434A830}.Debug|Any CPU.Build.0 = Debug|Any CPU
		{2B03036D-B53A-4D06-848D-11028434A830}.Release|Any CPU.ActiveCfg = Release|Any CPU
		{2B03036D-B53A-4D06-848D-11028434A830}.Release|Any CPU.Build.0 = Release|Any CPU
	EndGlobalSection
	GlobalSection(SolutionProperties) = preSolution
		HideSolutionNode = FALSE
	EndGlobalSection
	GlobalSection(ExtensibilityGlobals) = postSolution
		SolutionGuid = {E4DB1850-207B-4E30-84E8-B3E969FCF884}
	EndGlobalSection
EndGlobal
